// !$*UTF8*$!
{
	archiveVersion = 1;
	classes = {
	};
	objectVersion = 56;
	objects = {

/* Begin PBXBuildFile section */
		490811302BB3D73800DFF127 /* PokemonTableViewCell.swift in Sources */ = {isa = PBXBuildFile; fileRef = 4908112F2BB3D73800DFF127 /* PokemonTableViewCell.swift */; };
		4908113C2BB3EBE600DFF127 /* Coordinator.swift in Sources */ = {isa = PBXBuildFile; fileRef = 4908113B2BB3EBE600DFF127 /* Coordinator.swift */; };
		49B4479B2BABB346001D3FBD /* URLSessionProtocol.swift in Sources */ = {isa = PBXBuildFile; fileRef = 49B4479A2BABB346001D3FBD /* URLSessionProtocol.swift */; };
		49B4479E2BABB3B9001D3FBD /* MockURLSession.swift in Sources */ = {isa = PBXBuildFile; fileRef = 49B4479D2BABB3B9001D3FBD /* MockURLSession.swift */; };
		49B447A12BABB4DC001D3FBD /* APIServiceTests.swift in Sources */ = {isa = PBXBuildFile; fileRef = 49B447A02BABB4DC001D3FBD /* APIServiceTests.swift */; };
		49B447A42BABB561001D3FBD /* APIService.swift in Sources */ = {isa = PBXBuildFile; fileRef = 49B84D992BA928CE0015974C /* APIService.swift */; };
		49B447A62BABB6E9001D3FBD /* PokemonServiceResponse.swift in Sources */ = {isa = PBXBuildFile; fileRef = 49B84D9D2BA928CE0015974C /* PokemonServiceResponse.swift */; };
		49B447A72BABB707001D3FBD /* PokemonListItem.swift in Sources */ = {isa = PBXBuildFile; fileRef = 49B84D9B2BA928CE0015974C /* PokemonListItem.swift */; };
		49B447AA2BABC4B3001D3FBD /* MockData.swift in Sources */ = {isa = PBXBuildFile; fileRef = 49B447A92BABC4B3001D3FBD /* MockData.swift */; };
		49B447AC2BABCAD5001D3FBD /* MockAPIService.swift in Sources */ = {isa = PBXBuildFile; fileRef = 49B447AB2BABCAD5001D3FBD /* MockAPIService.swift */; };
		49B447AE2BABCB39001D3FBD /* PokemonListViewModelTests.swift in Sources */ = {isa = PBXBuildFile; fileRef = 49B447AD2BABCB39001D3FBD /* PokemonListViewModelTests.swift */; };
		49B447AF2BABCBDE001D3FBD /* URLSessionProtocol.swift in Sources */ = {isa = PBXBuildFile; fileRef = 49B4479A2BABB346001D3FBD /* URLSessionProtocol.swift */; };
		49B447B02BABCBE1001D3FBD /* Pokemon.swift in Sources */ = {isa = PBXBuildFile; fileRef = 49B84DB62BAB42DC0015974C /* Pokemon.swift */; };
		49B447B12BABCE84001D3FBD /* PokemonListViewModel.swift in Sources */ = {isa = PBXBuildFile; fileRef = 49B84D972BA928CE0015974C /* PokemonListViewModel.swift */; };
		49B447B32BABDB85001D3FBD /* PokemonViewModelTests.swift in Sources */ = {isa = PBXBuildFile; fileRef = 49B447B22BABDB85001D3FBD /* PokemonViewModelTests.swift */; };
		49B447B42BABDCE8001D3FBD /* PokemonViewModel.swift in Sources */ = {isa = PBXBuildFile; fileRef = 49B84DBA2BAB47F00015974C /* PokemonViewModel.swift */; };
		49B84D632BA928960015974C /* AppDelegate.swift in Sources */ = {isa = PBXBuildFile; fileRef = 49B84D622BA928960015974C /* AppDelegate.swift */; };
		49B84D652BA928960015974C /* SceneDelegate.swift in Sources */ = {isa = PBXBuildFile; fileRef = 49B84D642BA928960015974C /* SceneDelegate.swift */; };
		49B84D6C2BA928990015974C /* Assets.xcassets in Resources */ = {isa = PBXBuildFile; fileRef = 49B84D6B2BA928990015974C /* Assets.xcassets */; };
		49B84D842BA9289A0015974C /* PokedexUITests.swift in Sources */ = {isa = PBXBuildFile; fileRef = 49B84D832BA9289A0015974C /* PokedexUITests.swift */; };
		49B84D862BA9289A0015974C /* PokedexUITestsLaunchTests.swift in Sources */ = {isa = PBXBuildFile; fileRef = 49B84D852BA9289A0015974C /* PokedexUITestsLaunchTests.swift */; };
		49B84D9E2BA928CE0015974C /* PokemonListViewController.swift in Sources */ = {isa = PBXBuildFile; fileRef = 49B84D952BA928CE0015974C /* PokemonListViewController.swift */; };
		49B84D9F2BA928CE0015974C /* PokemonListViewModel.swift in Sources */ = {isa = PBXBuildFile; fileRef = 49B84D972BA928CE0015974C /* PokemonListViewModel.swift */; };
		49B84DA02BA928CE0015974C /* APIService.swift in Sources */ = {isa = PBXBuildFile; fileRef = 49B84D992BA928CE0015974C /* APIService.swift */; };
		49B84DA12BA928CE0015974C /* PokemonListItem.swift in Sources */ = {isa = PBXBuildFile; fileRef = 49B84D9B2BA928CE0015974C /* PokemonListItem.swift */; };
		49B84DA22BA928CE0015974C /* PokemonServiceResponse.swift in Sources */ = {isa = PBXBuildFile; fileRef = 49B84D9D2BA928CE0015974C /* PokemonServiceResponse.swift */; };
		49B84DA52BAA69C80015974C /* PokemonDetailsViewController.swift in Sources */ = {isa = PBXBuildFile; fileRef = 49B84DA42BAA69C70015974C /* PokemonDetailsViewController.swift */; };
		49B84DA92BAA6CEE0015974C /* Launch Screen.storyboard in Resources */ = {isa = PBXBuildFile; fileRef = 49B84DA82BAA6CEE0015974C /* Launch Screen.storyboard */; };
		49B84DB52BAA6E0A0015974C /* Localizable.xcstrings in Resources */ = {isa = PBXBuildFile; fileRef = 49B84DB42BAA6E0A0015974C /* Localizable.xcstrings */; };
		49B84DB72BAB42DC0015974C /* Pokemon.swift in Sources */ = {isa = PBXBuildFile; fileRef = 49B84DB62BAB42DC0015974C /* Pokemon.swift */; };
		49B84DBB2BAB47F00015974C /* PokemonViewModel.swift in Sources */ = {isa = PBXBuildFile; fileRef = 49B84DBA2BAB47F00015974C /* PokemonViewModel.swift */; };
		49B84DBE2BAB5C470015974C /* Kingfisher in Frameworks */ = {isa = PBXBuildFile; productRef = 49B84DBD2BAB5C470015974C /* Kingfisher */; };
		49B84DC12BAB5CEF0015974C /* ImageLoader.swift in Sources */ = {isa = PBXBuildFile; fileRef = 49B84DC02BAB5CEF0015974C /* ImageLoader.swift */; };
/* End PBXBuildFile section */

/* Begin PBXContainerItemProxy section */
		49B84D762BA928990015974C /* PBXContainerItemProxy */ = {
			isa = PBXContainerItemProxy;
			containerPortal = 49B84D572BA928960015974C /* Project object */;
			proxyType = 1;
			remoteGlobalIDString = 49B84D5E2BA928960015974C;
			remoteInfo = Pokedex;
		};
		49B84D802BA9289A0015974C /* PBXContainerItemProxy */ = {
			isa = PBXContainerItemProxy;
			containerPortal = 49B84D572BA928960015974C /* Project object */;
			proxyType = 1;
			remoteGlobalIDString = 49B84D5E2BA928960015974C;
			remoteInfo = Pokedex;
		};
/* End PBXContainerItemProxy section */

/* Begin PBXFileReference section */
		4908112F2BB3D73800DFF127 /* PokemonTableViewCell.swift */ = {isa = PBXFileReference; lastKnownFileType = sourcecode.swift; path = PokemonTableViewCell.swift; sourceTree = "<group>"; };
		4908113B2BB3EBE600DFF127 /* Coordinator.swift */ = {isa = PBXFileReference; lastKnownFileType = sourcecode.swift; path = Coordinator.swift; sourceTree = "<group>"; };
		49B4479A2BABB346001D3FBD /* URLSessionProtocol.swift */ = {isa = PBXFileReference; lastKnownFileType = sourcecode.swift; path = URLSessionProtocol.swift; sourceTree = "<group>"; };
		49B4479D2BABB3B9001D3FBD /* MockURLSession.swift */ = {isa = PBXFileReference; lastKnownFileType = sourcecode.swift; path = MockURLSession.swift; sourceTree = "<group>"; };
		49B447A02BABB4DC001D3FBD /* APIServiceTests.swift */ = {isa = PBXFileReference; lastKnownFileType = sourcecode.swift; path = APIServiceTests.swift; sourceTree = "<group>"; };
		49B447A92BABC4B3001D3FBD /* MockData.swift */ = {isa = PBXFileReference; lastKnownFileType = sourcecode.swift; path = MockData.swift; sourceTree = "<group>"; };
		49B447AB2BABCAD5001D3FBD /* MockAPIService.swift */ = {isa = PBXFileReference; lastKnownFileType = sourcecode.swift; path = MockAPIService.swift; sourceTree = "<group>"; };
		49B447AD2BABCB39001D3FBD /* PokemonListViewModelTests.swift */ = {isa = PBXFileReference; lastKnownFileType = sourcecode.swift; path = PokemonListViewModelTests.swift; sourceTree = "<group>"; };
		49B447B22BABDB85001D3FBD /* PokemonViewModelTests.swift */ = {isa = PBXFileReference; lastKnownFileType = sourcecode.swift; path = PokemonViewModelTests.swift; sourceTree = "<group>"; };
		49B84D5F2BA928960015974C /* Pokedex.app */ = {isa = PBXFileReference; explicitFileType = wrapper.application; includeInIndex = 0; path = Pokedex.app; sourceTree = BUILT_PRODUCTS_DIR; };
		49B84D622BA928960015974C /* AppDelegate.swift */ = {isa = PBXFileReference; lastKnownFileType = sourcecode.swift; path = AppDelegate.swift; sourceTree = "<group>"; };
		49B84D642BA928960015974C /* SceneDelegate.swift */ = {isa = PBXFileReference; lastKnownFileType = sourcecode.swift; path = SceneDelegate.swift; sourceTree = "<group>"; };
		49B84D6B2BA928990015974C /* Assets.xcassets */ = {isa = PBXFileReference; lastKnownFileType = folder.assetcatalog; path = Assets.xcassets; sourceTree = "<group>"; };
		49B84D702BA928990015974C /* Info.plist */ = {isa = PBXFileReference; lastKnownFileType = text.plist.xml; path = Info.plist; sourceTree = "<group>"; };
		49B84D752BA928990015974C /* PokedexTests.xctest */ = {isa = PBXFileReference; explicitFileType = wrapper.cfbundle; includeInIndex = 0; path = PokedexTests.xctest; sourceTree = BUILT_PRODUCTS_DIR; };
		49B84D7F2BA9289A0015974C /* PokedexUITests.xctest */ = {isa = PBXFileReference; explicitFileType = wrapper.cfbundle; includeInIndex = 0; path = PokedexUITests.xctest; sourceTree = BUILT_PRODUCTS_DIR; };
		49B84D832BA9289A0015974C /* PokedexUITests.swift */ = {isa = PBXFileReference; lastKnownFileType = sourcecode.swift; path = PokedexUITests.swift; sourceTree = "<group>"; };
		49B84D852BA9289A0015974C /* PokedexUITestsLaunchTests.swift */ = {isa = PBXFileReference; lastKnownFileType = sourcecode.swift; path = PokedexUITestsLaunchTests.swift; sourceTree = "<group>"; };
		49B84D952BA928CE0015974C /* PokemonListViewController.swift */ = {isa = PBXFileReference; fileEncoding = 4; lastKnownFileType = sourcecode.swift; path = PokemonListViewController.swift; sourceTree = "<group>"; };
		49B84D972BA928CE0015974C /* PokemonListViewModel.swift */ = {isa = PBXFileReference; fileEncoding = 4; lastKnownFileType = sourcecode.swift; path = PokemonListViewModel.swift; sourceTree = "<group>"; };
		49B84D992BA928CE0015974C /* APIService.swift */ = {isa = PBXFileReference; fileEncoding = 4; lastKnownFileType = sourcecode.swift; path = APIService.swift; sourceTree = "<group>"; };
		49B84D9B2BA928CE0015974C /* PokemonListItem.swift */ = {isa = PBXFileReference; fileEncoding = 4; lastKnownFileType = sourcecode.swift; path = PokemonListItem.swift; sourceTree = "<group>"; };
		49B84D9D2BA928CE0015974C /* PokemonServiceResponse.swift */ = {isa = PBXFileReference; fileEncoding = 4; lastKnownFileType = sourcecode.swift; path = PokemonServiceResponse.swift; sourceTree = "<group>"; };
		49B84DA42BAA69C70015974C /* PokemonDetailsViewController.swift */ = {isa = PBXFileReference; lastKnownFileType = sourcecode.swift; path = PokemonDetailsViewController.swift; sourceTree = "<group>"; };
		49B84DA82BAA6CEE0015974C /* Launch Screen.storyboard */ = {isa = PBXFileReference; lastKnownFileType = file.storyboard; path = "Launch Screen.storyboard"; sourceTree = "<group>"; };
		49B84DB42BAA6E0A0015974C /* Localizable.xcstrings */ = {isa = PBXFileReference; lastKnownFileType = text.json.xcstrings; path = Localizable.xcstrings; sourceTree = "<group>"; };
		49B84DB62BAB42DC0015974C /* Pokemon.swift */ = {isa = PBXFileReference; lastKnownFileType = sourcecode.swift; path = Pokemon.swift; sourceTree = "<group>"; };
		49B84DBA2BAB47F00015974C /* PokemonViewModel.swift */ = {isa = PBXFileReference; lastKnownFileType = sourcecode.swift; path = PokemonViewModel.swift; sourceTree = "<group>"; };
		49B84DC02BAB5CEF0015974C /* ImageLoader.swift */ = {isa = PBXFileReference; lastKnownFileType = sourcecode.swift; path = ImageLoader.swift; sourceTree = "<group>"; };
/* End PBXFileReference section */

/* Begin PBXFrameworksBuildPhase section */
		49B84D5C2BA928960015974C /* Frameworks */ = {
			isa = PBXFrameworksBuildPhase;
			buildActionMask = 2147483647;
			files = (
				49B84DBE2BAB5C470015974C /* Kingfisher in Frameworks */,
			);
			runOnlyForDeploymentPostprocessing = 0;
		};
		49B84D722BA928990015974C /* Frameworks */ = {
			isa = PBXFrameworksBuildPhase;
			buildActionMask = 2147483647;
			files = (
			);
			runOnlyForDeploymentPostprocessing = 0;
		};
		49B84D7C2BA9289A0015974C /* Frameworks */ = {
			isa = PBXFrameworksBuildPhase;
			buildActionMask = 2147483647;
			files = (
			);
			runOnlyForDeploymentPostprocessing = 0;
		};
/* End PBXFrameworksBuildPhase section */

/* Begin PBXGroup section */
		4908112E2BB3D72000DFF127 /* TableViewCells */ = {
			isa = PBXGroup;
			children = (
				4908112F2BB3D73800DFF127 /* PokemonTableViewCell.swift */,
			);
			path = TableViewCells;
			sourceTree = "<group>";
		};
		4908113A2BB3EB4E00DFF127 /* Coordinator */ = {
			isa = PBXGroup;
			children = (
				4908113B2BB3EBE600DFF127 /* Coordinator.swift */,
			);
			path = Coordinator;
			sourceTree = "<group>";
		};
		49B447992BABB329001D3FBD /* Session */ = {
			isa = PBXGroup;
			children = (
				49B4479A2BABB346001D3FBD /* URLSessionProtocol.swift */,
			);
			path = Session;
			sourceTree = "<group>";
		};
		49B4479C2BABB396001D3FBD /* Mocks */ = {
			isa = PBXGroup;
			children = (
				49B4479D2BABB3B9001D3FBD /* MockURLSession.swift */,
				49B447AB2BABCAD5001D3FBD /* MockAPIService.swift */,
			);
			path = Mocks;
			sourceTree = "<group>";
		};
		49B447A82BABC4A0001D3FBD /* MockData */ = {
			isa = PBXGroup;
			children = (
				49B447A92BABC4B3001D3FBD /* MockData.swift */,
			);
			path = MockData;
			sourceTree = "<group>";
		};
		49B84D562BA928960015974C = {
			isa = PBXGroup;
			children = (
				49B84D612BA928960015974C /* Pokedex */,
				49B84D782BA928990015974C /* PokedexTests */,
				49B84D822BA9289A0015974C /* PokedexUITests */,
				49B84D602BA928960015974C /* Products */,
			);
			sourceTree = "<group>";
		};
		49B84D602BA928960015974C /* Products */ = {
			isa = PBXGroup;
			children = (
				49B84D5F2BA928960015974C /* Pokedex.app */,
				49B84D752BA928990015974C /* PokedexTests.xctest */,
				49B84D7F2BA9289A0015974C /* PokedexUITests.xctest */,
			);
			name = Products;
			sourceTree = "<group>";
		};
		49B84D612BA928960015974C /* Pokedex */ = {
			isa = PBXGroup;
			children = (
				49B84D9A2BA928CE0015974C /* Model */,
				49B84D932BA928CE0015974C /* Sections */,
				49B84D962BA928CE0015974C /* ViewModels */,
				4908113A2BB3EB4E00DFF127 /* Coordinator */,
				49B84D982BA928CE0015974C /* WebService */,
				49B84DBF2BAB5CDB0015974C /* Utils */,
				49B84DAA2BAA6D0F0015974C /* Resources */,
				49B84D622BA928960015974C /* AppDelegate.swift */,
				49B84D642BA928960015974C /* SceneDelegate.swift */,
				49B84D6B2BA928990015974C /* Assets.xcassets */,
				49B84D702BA928990015974C /* Info.plist */,
				49B84DA82BAA6CEE0015974C /* Launch Screen.storyboard */,
			);
			path = Pokedex;
			sourceTree = "<group>";
		};
		49B84D782BA928990015974C /* PokedexTests */ = {
			isa = PBXGroup;
			children = (
				49B447A82BABC4A0001D3FBD /* MockData */,
				49B4479C2BABB396001D3FBD /* Mocks */,
				49B447A02BABB4DC001D3FBD /* APIServiceTests.swift */,
				49B447AD2BABCB39001D3FBD /* PokemonListViewModelTests.swift */,
				49B447B22BABDB85001D3FBD /* PokemonViewModelTests.swift */,
			);
			path = PokedexTests;
			sourceTree = "<group>";
		};
		49B84D822BA9289A0015974C /* PokedexUITests */ = {
			isa = PBXGroup;
			children = (
				49B84D832BA9289A0015974C /* PokedexUITests.swift */,
				49B84D852BA9289A0015974C /* PokedexUITestsLaunchTests.swift */,
			);
			path = PokedexUITests;
			sourceTree = "<group>";
		};
		49B84D932BA928CE0015974C /* Sections */ = {
			isa = PBXGroup;
			children = (
				49B84D942BA928CE0015974C /* PokemonList */,
				49B84DA32BAA69980015974C /* PokemonDetails */,
			);
			path = Sections;
			sourceTree = "<group>";
		};
		49B84D942BA928CE0015974C /* PokemonList */ = {
			isa = PBXGroup;
			children = (
				4908112E2BB3D72000DFF127 /* TableViewCells */,
				49B84D952BA928CE0015974C /* PokemonListViewController.swift */,
			);
			path = PokemonList;
			sourceTree = "<group>";
		};
		49B84D962BA928CE0015974C /* ViewModels */ = {
			isa = PBXGroup;
			children = (
				49B84D972BA928CE0015974C /* PokemonListViewModel.swift */,
				49B84DBA2BAB47F00015974C /* PokemonViewModel.swift */,
			);
			path = ViewModels;
			sourceTree = "<group>";
		};
		49B84D982BA928CE0015974C /* WebService */ = {
			isa = PBXGroup;
			children = (
				49B447992BABB329001D3FBD /* Session */,
				49B84D992BA928CE0015974C /* APIService.swift */,
			);
			path = WebService;
			sourceTree = "<group>";
		};
		49B84D9A2BA928CE0015974C /* Model */ = {
			isa = PBXGroup;
			children = (
				49B84DB62BAB42DC0015974C /* Pokemon.swift */,
				49B84D9B2BA928CE0015974C /* PokemonListItem.swift */,
				49B84D9C2BA928CE0015974C /* PokemonService */,
			);
			path = Model;
			sourceTree = "<group>";
		};
		49B84D9C2BA928CE0015974C /* PokemonService */ = {
			isa = PBXGroup;
			children = (
				49B84D9D2BA928CE0015974C /* PokemonServiceResponse.swift */,
			);
			path = PokemonService;
			sourceTree = "<group>";
		};
		49B84DA32BAA69980015974C /* PokemonDetails */ = {
			isa = PBXGroup;
			children = (
				49B84DA42BAA69C70015974C /* PokemonDetailsViewController.swift */,
			);
			path = PokemonDetails;
			sourceTree = "<group>";
		};
		49B84DAA2BAA6D0F0015974C /* Resources */ = {
			isa = PBXGroup;
			children = (
				49B84DAB2BAA6D190015974C /* Localizable */,
			);
			path = Resources;
			sourceTree = "<group>";
		};
		49B84DAB2BAA6D190015974C /* Localizable */ = {
			isa = PBXGroup;
			children = (
				49B84DB42BAA6E0A0015974C /* Localizable.xcstrings */,
			);
			path = Localizable;
			sourceTree = "<group>";
		};
		49B84DBF2BAB5CDB0015974C /* Utils */ = {
			isa = PBXGroup;
			children = (
				49B84DC02BAB5CEF0015974C /* ImageLoader.swift */,
			);
			path = Utils;
			sourceTree = "<group>";
		};
/* End PBXGroup section */

/* Begin PBXNativeTarget section */
		49B84D5E2BA928960015974C /* Pokedex */ = {
			isa = PBXNativeTarget;
			buildConfigurationList = 49B84D892BA9289A0015974C /* Build configuration list for PBXNativeTarget "Pokedex" */;
			buildPhases = (
				49B84D5B2BA928960015974C /* Sources */,
				49B84D5C2BA928960015974C /* Frameworks */,
				49B84D5D2BA928960015974C /* Resources */,
			);
			buildRules = (
			);
			dependencies = (
			);
			name = Pokedex;
			packageProductDependencies = (
				49B84DBD2BAB5C470015974C /* Kingfisher */,
			);
			productName = Pokedex;
			productReference = 49B84D5F2BA928960015974C /* Pokedex.app */;
			productType = "com.apple.product-type.application";
		};
		49B84D742BA928990015974C /* PokedexTests */ = {
			isa = PBXNativeTarget;
			buildConfigurationList = 49B84D8C2BA9289A0015974C /* Build configuration list for PBXNativeTarget "PokedexTests" */;
			buildPhases = (
				49B84D712BA928990015974C /* Sources */,
				49B84D722BA928990015974C /* Frameworks */,
				49B84D732BA928990015974C /* Resources */,
			);
			buildRules = (
			);
			dependencies = (
				49B84D772BA928990015974C /* PBXTargetDependency */,
			);
			name = PokedexTests;
			productName = PokedexTests;
			productReference = 49B84D752BA928990015974C /* PokedexTests.xctest */;
			productType = "com.apple.product-type.bundle.unit-test";
		};
		49B84D7E2BA9289A0015974C /* PokedexUITests */ = {
			isa = PBXNativeTarget;
			buildConfigurationList = 49B84D8F2BA9289A0015974C /* Build configuration list for PBXNativeTarget "PokedexUITests" */;
			buildPhases = (
				49B84D7B2BA9289A0015974C /* Sources */,
				49B84D7C2BA9289A0015974C /* Frameworks */,
				49B84D7D2BA9289A0015974C /* Resources */,
			);
			buildRules = (
			);
			dependencies = (
				49B84D812BA9289A0015974C /* PBXTargetDependency */,
			);
			name = PokedexUITests;
			productName = PokedexUITests;
			productReference = 49B84D7F2BA9289A0015974C /* PokedexUITests.xctest */;
			productType = "com.apple.product-type.bundle.ui-testing";
		};
/* End PBXNativeTarget section */

/* Begin PBXProject section */
		49B84D572BA928960015974C /* Project object */ = {
			isa = PBXProject;
			attributes = {
				BuildIndependentTargetsInParallel = 1;
				LastSwiftUpdateCheck = 1520;
				LastUpgradeCheck = 1520;
				TargetAttributes = {
					49B84D5E2BA928960015974C = {
						CreatedOnToolsVersion = 15.2;
					};
					49B84D742BA928990015974C = {
						CreatedOnToolsVersion = 15.2;
						TestTargetID = 49B84D5E2BA928960015974C;
					};
					49B84D7E2BA9289A0015974C = {
						CreatedOnToolsVersion = 15.2;
						TestTargetID = 49B84D5E2BA928960015974C;
					};
				};
			};
			buildConfigurationList = 49B84D5A2BA928960015974C /* Build configuration list for PBXProject "Pokedex" */;
			compatibilityVersion = "Xcode 14.0";
			developmentRegion = en;
			hasScannedForEncodings = 0;
			knownRegions = (
				en,
				Base,
				es,
			);
			mainGroup = 49B84D562BA928960015974C;
			packageReferences = (
				49B84DBC2BAB5C460015974C /* XCRemoteSwiftPackageReference "Kingfisher" */,
			);
			productRefGroup = 49B84D602BA928960015974C /* Products */;
			projectDirPath = "";
			projectRoot = "";
			targets = (
				49B84D5E2BA928960015974C /* Pokedex */,
				49B84D742BA928990015974C /* PokedexTests */,
				49B84D7E2BA9289A0015974C /* PokedexUITests */,
			);
		};
/* End PBXProject section */

/* Begin PBXResourcesBuildPhase section */
		49B84D5D2BA928960015974C /* Resources */ = {
			isa = PBXResourcesBuildPhase;
			buildActionMask = 2147483647;
			files = (
				49B84DA92BAA6CEE0015974C /* Launch Screen.storyboard in Resources */,
				49B84D6C2BA928990015974C /* Assets.xcassets in Resources */,
				49B84DB52BAA6E0A0015974C /* Localizable.xcstrings in Resources */,
			);
			runOnlyForDeploymentPostprocessing = 0;
		};
		49B84D732BA928990015974C /* Resources */ = {
			isa = PBXResourcesBuildPhase;
			buildActionMask = 2147483647;
			files = (
			);
			runOnlyForDeploymentPostprocessing = 0;
		};
		49B84D7D2BA9289A0015974C /* Resources */ = {
			isa = PBXResourcesBuildPhase;
			buildActionMask = 2147483647;
			files = (
			);
			runOnlyForDeploymentPostprocessing = 0;
		};
/* End PBXResourcesBuildPhase section */

/* Begin PBXSourcesBuildPhase section */
		49B84D5B2BA928960015974C /* Sources */ = {
			isa = PBXSourcesBuildPhase;
			buildActionMask = 2147483647;
			files = (
				49B4479B2BABB346001D3FBD /* URLSessionProtocol.swift in Sources */,
				49B84DA22BA928CE0015974C /* PokemonServiceResponse.swift in Sources */,
				49B84DA12BA928CE0015974C /* PokemonListItem.swift in Sources */,
				49B84D632BA928960015974C /* AppDelegate.swift in Sources */,
				49B84D9E2BA928CE0015974C /* PokemonListViewController.swift in Sources */,
				49B84D9F2BA928CE0015974C /* PokemonListViewModel.swift in Sources */,
				4908113C2BB3EBE600DFF127 /* Coordinator.swift in Sources */,
				49B84DC12BAB5CEF0015974C /* ImageLoader.swift in Sources */,
				49B84DB72BAB42DC0015974C /* Pokemon.swift in Sources */,
				49B84DBB2BAB47F00015974C /* PokemonViewModel.swift in Sources */,
				49B84DA02BA928CE0015974C /* APIService.swift in Sources */,
				490811302BB3D73800DFF127 /* PokemonTableViewCell.swift in Sources */,
				49B84D652BA928960015974C /* SceneDelegate.swift in Sources */,
				49B84DA52BAA69C80015974C /* PokemonDetailsViewController.swift in Sources */,
			);
			runOnlyForDeploymentPostprocessing = 0;
		};
		49B84D712BA928990015974C /* Sources */ = {
			isa = PBXSourcesBuildPhase;
			buildActionMask = 2147483647;
			files = (
				49B447AF2BABCBDE001D3FBD /* URLSessionProtocol.swift in Sources */,
				49B447AE2BABCB39001D3FBD /* PokemonListViewModelTests.swift in Sources */,
				49B447A62BABB6E9001D3FBD /* PokemonServiceResponse.swift in Sources */,
				49B447B32BABDB85001D3FBD /* PokemonViewModelTests.swift in Sources */,
				49B4479E2BABB3B9001D3FBD /* MockURLSession.swift in Sources */,
				49B447A42BABB561001D3FBD /* APIService.swift in Sources */,
				49B447B42BABDCE8001D3FBD /* PokemonViewModel.swift in Sources */,
				49B447B02BABCBE1001D3FBD /* Pokemon.swift in Sources */,
				49B447AA2BABC4B3001D3FBD /* MockData.swift in Sources */,
				49B447AC2BABCAD5001D3FBD /* MockAPIService.swift in Sources */,
				49B447B12BABCE84001D3FBD /* PokemonListViewModel.swift in Sources */,
				49B447A12BABB4DC001D3FBD /* APIServiceTests.swift in Sources */,
				49B447A72BABB707001D3FBD /* PokemonListItem.swift in Sources */,
			);
			runOnlyForDeploymentPostprocessing = 0;
		};
		49B84D7B2BA9289A0015974C /* Sources */ = {
			isa = PBXSourcesBuildPhase;
			buildActionMask = 2147483647;
			files = (
				49B84D842BA9289A0015974C /* PokedexUITests.swift in Sources */,
				49B84D862BA9289A0015974C /* PokedexUITestsLaunchTests.swift in Sources */,
			);
			runOnlyForDeploymentPostprocessing = 0;
		};
/* End PBXSourcesBuildPhase section */

/* Begin PBXTargetDependency section */
		49B84D772BA928990015974C /* PBXTargetDependency */ = {
			isa = PBXTargetDependency;
			target = 49B84D5E2BA928960015974C /* Pokedex */;
			targetProxy = 49B84D762BA928990015974C /* PBXContainerItemProxy */;
		};
		49B84D812BA9289A0015974C /* PBXTargetDependency */ = {
			isa = PBXTargetDependency;
			target = 49B84D5E2BA928960015974C /* Pokedex */;
			targetProxy = 49B84D802BA9289A0015974C /* PBXContainerItemProxy */;
		};
/* End PBXTargetDependency section */

/* Begin XCBuildConfiguration section */
		49B84D872BA9289A0015974C /* Debug */ = {
			isa = XCBuildConfiguration;
			buildSettings = {
				ALWAYS_SEARCH_USER_PATHS = NO;
				ASSETCATALOG_COMPILER_GENERATE_SWIFT_ASSET_SYMBOL_EXTENSIONS = YES;
				CLANG_ANALYZER_LOCALIZABILITY_NONLOCALIZED = YES;
				CLANG_ANALYZER_NONNULL = YES;
				CLANG_ANALYZER_NUMBER_OBJECT_CONVERSION = YES_AGGRESSIVE;
				CLANG_CXX_LANGUAGE_STANDARD = "gnu++20";
				CLANG_ENABLE_MODULES = YES;
				CLANG_ENABLE_OBJC_ARC = YES;
				CLANG_ENABLE_OBJC_WEAK = YES;
				CLANG_WARN_BLOCK_CAPTURE_AUTORELEASING = YES;
				CLANG_WARN_BOOL_CONVERSION = YES;
				CLANG_WARN_COMMA = YES;
				CLANG_WARN_CONSTANT_CONVERSION = YES;
				CLANG_WARN_DEPRECATED_OBJC_IMPLEMENTATIONS = YES;
				CLANG_WARN_DIRECT_OBJC_ISA_USAGE = YES_ERROR;
				CLANG_WARN_DOCUMENTATION_COMMENTS = YES;
				CLANG_WARN_EMPTY_BODY = YES;
				CLANG_WARN_ENUM_CONVERSION = YES;
				CLANG_WARN_INFINITE_RECURSION = YES;
				CLANG_WARN_INT_CONVERSION = YES;
				CLANG_WARN_NON_LITERAL_NULL_CONVERSION = YES;
				CLANG_WARN_OBJC_IMPLICIT_RETAIN_SELF = YES;
				CLANG_WARN_OBJC_LITERAL_CONVERSION = YES;
				CLANG_WARN_OBJC_ROOT_CLASS = YES_ERROR;
				CLANG_WARN_QUOTED_INCLUDE_IN_FRAMEWORK_HEADER = YES;
				CLANG_WARN_RANGE_LOOP_ANALYSIS = YES;
				CLANG_WARN_STRICT_PROTOTYPES = YES;
				CLANG_WARN_SUSPICIOUS_MOVE = YES;
				CLANG_WARN_UNGUARDED_AVAILABILITY = YES_AGGRESSIVE;
				CLANG_WARN_UNREACHABLE_CODE = YES;
				CLANG_WARN__DUPLICATE_METHOD_MATCH = YES;
				COPY_PHASE_STRIP = NO;
				DEBUG_INFORMATION_FORMAT = dwarf;
				ENABLE_STRICT_OBJC_MSGSEND = YES;
				ENABLE_TESTABILITY = YES;
				ENABLE_USER_SCRIPT_SANDBOXING = YES;
				GCC_C_LANGUAGE_STANDARD = gnu17;
				GCC_DYNAMIC_NO_PIC = NO;
				GCC_NO_COMMON_BLOCKS = YES;
				GCC_OPTIMIZATION_LEVEL = 0;
				GCC_PREPROCESSOR_DEFINITIONS = (
					"DEBUG=1",
					"$(inherited)",
				);
				GCC_WARN_64_TO_32_BIT_CONVERSION = YES;
				GCC_WARN_ABOUT_RETURN_TYPE = YES_ERROR;
				GCC_WARN_UNDECLARED_SELECTOR = YES;
				GCC_WARN_UNINITIALIZED_AUTOS = YES_AGGRESSIVE;
				GCC_WARN_UNUSED_FUNCTION = YES;
				GCC_WARN_UNUSED_VARIABLE = YES;
				IPHONEOS_DEPLOYMENT_TARGET = 17.2;
				LOCALIZATION_PREFERS_STRING_CATALOGS = YES;
				MTL_ENABLE_DEBUG_INFO = INCLUDE_SOURCE;
				MTL_FAST_MATH = YES;
				ONLY_ACTIVE_ARCH = YES;
				SDKROOT = iphoneos;
				SWIFT_ACTIVE_COMPILATION_CONDITIONS = "DEBUG $(inherited)";
				SWIFT_OPTIMIZATION_LEVEL = "-Onone";
			};
			name = Debug;
		};
		49B84D882BA9289A0015974C /* Release */ = {
			isa = XCBuildConfiguration;
			buildSettings = {
				ALWAYS_SEARCH_USER_PATHS = NO;
				ASSETCATALOG_COMPILER_GENERATE_SWIFT_ASSET_SYMBOL_EXTENSIONS = YES;
				CLANG_ANALYZER_LOCALIZABILITY_NONLOCALIZED = YES;
				CLANG_ANALYZER_NONNULL = YES;
				CLANG_ANALYZER_NUMBER_OBJECT_CONVERSION = YES_AGGRESSIVE;
				CLANG_CXX_LANGUAGE_STANDARD = "gnu++20";
				CLANG_ENABLE_MODULES = YES;
				CLANG_ENABLE_OBJC_ARC = YES;
				CLANG_ENABLE_OBJC_WEAK = YES;
				CLANG_WARN_BLOCK_CAPTURE_AUTORELEASING = YES;
				CLANG_WARN_BOOL_CONVERSION = YES;
				CLANG_WARN_COMMA = YES;
				CLANG_WARN_CONSTANT_CONVERSION = YES;
				CLANG_WARN_DEPRECATED_OBJC_IMPLEMENTATIONS = YES;
				CLANG_WARN_DIRECT_OBJC_ISA_USAGE = YES_ERROR;
				CLANG_WARN_DOCUMENTATION_COMMENTS = YES;
				CLANG_WARN_EMPTY_BODY = YES;
				CLANG_WARN_ENUM_CONVERSION = YES;
				CLANG_WARN_INFINITE_RECURSION = YES;
				CLANG_WARN_INT_CONVERSION = YES;
				CLANG_WARN_NON_LITERAL_NULL_CONVERSION = YES;
				CLANG_WARN_OBJC_IMPLICIT_RETAIN_SELF = YES;
				CLANG_WARN_OBJC_LITERAL_CONVERSION = YES;
				CLANG_WARN_OBJC_ROOT_CLASS = YES_ERROR;
				CLANG_WARN_QUOTED_INCLUDE_IN_FRAMEWORK_HEADER = YES;
				CLANG_WARN_RANGE_LOOP_ANALYSIS = YES;
				CLANG_WARN_STRICT_PROTOTYPES = YES;
				CLANG_WARN_SUSPICIOUS_MOVE = YES;
				CLANG_WARN_UNGUARDED_AVAILABILITY = YES_AGGRESSIVE;
				CLANG_WARN_UNREACHABLE_CODE = YES;
				CLANG_WARN__DUPLICATE_METHOD_MATCH = YES;
				COPY_PHASE_STRIP = NO;
				DEBUG_INFORMATION_FORMAT = "dwarf-with-dsym";
				ENABLE_NS_ASSERTIONS = NO;
				ENABLE_STRICT_OBJC_MSGSEND = YES;
				ENABLE_USER_SCRIPT_SANDBOXING = YES;
				GCC_C_LANGUAGE_STANDARD = gnu17;
				GCC_NO_COMMON_BLOCKS = YES;
				GCC_WARN_64_TO_32_BIT_CONVERSION = YES;
				GCC_WARN_ABOUT_RETURN_TYPE = YES_ERROR;
				GCC_WARN_UNDECLARED_SELECTOR = YES;
				GCC_WARN_UNINITIALIZED_AUTOS = YES_AGGRESSIVE;
				GCC_WARN_UNUSED_FUNCTION = YES;
				GCC_WARN_UNUSED_VARIABLE = YES;
				IPHONEOS_DEPLOYMENT_TARGET = 17.2;
				LOCALIZATION_PREFERS_STRING_CATALOGS = YES;
				MTL_ENABLE_DEBUG_INFO = NO;
				MTL_FAST_MATH = YES;
				SDKROOT = iphoneos;
				SWIFT_COMPILATION_MODE = wholemodule;
				VALIDATE_PRODUCT = YES;
			};
			name = Release;
		};
		49B84D8A2BA9289A0015974C /* Debug */ = {
			isa = XCBuildConfiguration;
			buildSettings = {
				ASSETCATALOG_COMPILER_APPICON_NAME = AppIcon;
				ASSETCATALOG_COMPILER_GLOBAL_ACCENT_COLOR_NAME = AccentColor;
				CODE_SIGN_STYLE = Automatic;
				CURRENT_PROJECT_VERSION = 1;
				DEVELOPMENT_TEAM = 5S3UB6R42J;
				GENERATE_INFOPLIST_FILE = YES;
				INFOPLIST_FILE = Pokedex/Info.plist;
				INFOPLIST_KEY_UIApplicationSupportsIndirectInputEvents = YES;
				INFOPLIST_KEY_UILaunchStoryboardName = "Launch Screen.storyboard";
				INFOPLIST_KEY_UISupportedInterfaceOrientations_iPad = "UIInterfaceOrientationPortrait UIInterfaceOrientationPortraitUpsideDown UIInterfaceOrientationLandscapeLeft UIInterfaceOrientationLandscapeRight";
				INFOPLIST_KEY_UISupportedInterfaceOrientations_iPhone = "UIInterfaceOrientationPortrait UIInterfaceOrientationLandscapeLeft UIInterfaceOrientationLandscapeRight";
				IPHONEOS_DEPLOYMENT_TARGET = 15.0;
				LD_RUNPATH_SEARCH_PATHS = (
					"$(inherited)",
					"@executable_path/Frameworks",
				);
				MARKETING_VERSION = 1.0;
				PRODUCT_BUNDLE_IDENTIFIER = com.murena.Pokedex;
				PRODUCT_NAME = "$(TARGET_NAME)";
				SWIFT_EMIT_LOC_STRINGS = YES;
				SWIFT_VERSION = 5.0;
				TARGETED_DEVICE_FAMILY = "1,2";
			};
			name = Debug;
		};
		49B84D8B2BA9289A0015974C /* Release */ = {
			isa = XCBuildConfiguration;
			buildSettings = {
				ASSETCATALOG_COMPILER_APPICON_NAME = AppIcon;
				ASSETCATALOG_COMPILER_GLOBAL_ACCENT_COLOR_NAME = AccentColor;
				CODE_SIGN_STYLE = Automatic;
				CURRENT_PROJECT_VERSION = 1;
				DEVELOPMENT_TEAM = 5S3UB6R42J;
				GENERATE_INFOPLIST_FILE = YES;
				INFOPLIST_FILE = Pokedex/Info.plist;
				INFOPLIST_KEY_UIApplicationSupportsIndirectInputEvents = YES;
				INFOPLIST_KEY_UILaunchStoryboardName = "Launch Screen.storyboard";
				INFOPLIST_KEY_UISupportedInterfaceOrientations_iPad = "UIInterfaceOrientationPortrait UIInterfaceOrientationPortraitUpsideDown UIInterfaceOrientationLandscapeLeft UIInterfaceOrientationLandscapeRight";
				INFOPLIST_KEY_UISupportedInterfaceOrientations_iPhone = "UIInterfaceOrientationPortrait UIInterfaceOrientationLandscapeLeft UIInterfaceOrientationLandscapeRight";
				IPHONEOS_DEPLOYMENT_TARGET = 15.0;
				LD_RUNPATH_SEARCH_PATHS = (
					"$(inherited)",
					"@executable_path/Frameworks",
				);
				MARKETING_VERSION = 1.0;
				PRODUCT_BUNDLE_IDENTIFIER = com.murena.Pokedex;
				PRODUCT_NAME = "$(TARGET_NAME)";
				SWIFT_EMIT_LOC_STRINGS = YES;
				SWIFT_VERSION = 5.0;
				TARGETED_DEVICE_FAMILY = "1,2";
			};
			name = Release;
		};
		49B84D8D2BA9289A0015974C /* Debug */ = {
			isa = XCBuildConfiguration;
			buildSettings = {
				ALWAYS_EMBED_SWIFT_STANDARD_LIBRARIES = YES;
				BUNDLE_LOADER = "$(TEST_HOST)";
				CODE_SIGN_STYLE = Automatic;
				CURRENT_PROJECT_VERSION = 1;
				DEVELOPMENT_TEAM = 5S3UB6R42J;
				GENERATE_INFOPLIST_FILE = YES;
				IPHONEOS_DEPLOYMENT_TARGET = 15.0;
				MARKETING_VERSION = 1.0;
				PRODUCT_BUNDLE_IDENTIFIER = com.murena.PokedexTests;
				PRODUCT_NAME = "$(TARGET_NAME)";
				SWIFT_EMIT_LOC_STRINGS = NO;
				SWIFT_VERSION = 5.0;
				TARGETED_DEVICE_FAMILY = "1,2";
				TEST_HOST = "$(BUILT_PRODUCTS_DIR)/Pokedex.app/$(BUNDLE_EXECUTABLE_FOLDER_PATH)/Pokedex";
			};
			name = Debug;
		};
		49B84D8E2BA9289A0015974C /* Release */ = {
			isa = XCBuildConfiguration;
			buildSettings = {
				ALWAYS_EMBED_SWIFT_STANDARD_LIBRARIES = YES;
				BUNDLE_LOADER = "$(TEST_HOST)";
				CODE_SIGN_STYLE = Automatic;
				CURRENT_PROJECT_VERSION = 1;
				DEVELOPMENT_TEAM = 5S3UB6R42J;
				GENERATE_INFOPLIST_FILE = YES;
				IPHONEOS_DEPLOYMENT_TARGET = 15.0;
				MARKETING_VERSION = 1.0;
				PRODUCT_BUNDLE_IDENTIFIER = com.murena.PokedexTests;
				PRODUCT_NAME = "$(TARGET_NAME)";
				SWIFT_EMIT_LOC_STRINGS = NO;
				SWIFT_VERSION = 5.0;
				TARGETED_DEVICE_FAMILY = "1,2";
				TEST_HOST = "$(BUILT_PRODUCTS_DIR)/Pokedex.app/$(BUNDLE_EXECUTABLE_FOLDER_PATH)/Pokedex";
			};
			name = Release;
		};
		49B84D902BA9289A0015974C /* Debug */ = {
			isa = XCBuildConfiguration;
			buildSettings = {
				ALWAYS_EMBED_SWIFT_STANDARD_LIBRARIES = YES;
				CODE_SIGN_STYLE = Automatic;
				CURRENT_PROJECT_VERSION = 1;
				DEVELOPMENT_TEAM = 5S3UB6R42J;
				GENERATE_INFOPLIST_FILE = YES;
				IPHONEOS_DEPLOYMENT_TARGET = 15.0;
				MARKETING_VERSION = 1.0;
				PRODUCT_BUNDLE_IDENTIFIER = com.murena.PokedexUITests;
				PRODUCT_NAME = "$(TARGET_NAME)";
				SWIFT_EMIT_LOC_STRINGS = NO;
				SWIFT_VERSION = 5.0;
				TARGETED_DEVICE_FAMILY = "1,2";
				TEST_TARGET_NAME = Pokedex;
			};
			name = Debug;
		};
		49B84D912BA9289A0015974C /* Release */ = {
			isa = XCBuildConfiguration;
			buildSettings = {
				ALWAYS_EMBED_SWIFT_STANDARD_LIBRARIES = YES;
				CODE_SIGN_STYLE = Automatic;
				CURRENT_PROJECT_VERSION = 1;
				DEVELOPMENT_TEAM = 5S3UB6R42J;
				GENERATE_INFOPLIST_FILE = YES;
				IPHONEOS_DEPLOYMENT_TARGET = 15.0;
				MARKETING_VERSION = 1.0;
				PRODUCT_BUNDLE_IDENTIFIER = com.murena.PokedexUITests;
				PRODUCT_NAME = "$(TARGET_NAME)";
				SWIFT_EMIT_LOC_STRINGS = NO;
				SWIFT_VERSION = 5.0;
				TARGETED_DEVICE_FAMILY = "1,2";
				TEST_TARGET_NAME = Pokedex;
			};
			name = Release;
		};
/* End XCBuildConfiguration section */

/* Begin XCConfigurationList section */
		49B84D5A2BA928960015974C /* Build configuration list for PBXProject "Pokedex" */ = {
			isa = XCConfigurationList;
			buildConfigurations = (
				49B84D872BA9289A0015974C /* Debug */,
				49B84D882BA9289A0015974C /* Release */,
			);
			defaultConfigurationIsVisible = 0;
			defaultConfigurationName = Release;
		};
		49B84D892BA9289A0015974C /* Build configuration list for PBXNativeTarget "Pokedex" */ = {
			isa = XCConfigurationList;
			buildConfigurations = (
				49B84D8A2BA9289A0015974C /* Debug */,
				49B84D8B2BA9289A0015974C /* Release */,
			);
			defaultConfigurationIsVisible = 0;
			defaultConfigurationName = Release;
		};
		49B84D8C2BA9289A0015974C /* Build configuration list for PBXNativeTarget "PokedexTests" */ = {
			isa = XCConfigurationList;
			buildConfigurations = (
				49B84D8D2BA9289A0015974C /* Debug */,
				49B84D8E2BA9289A0015974C /* Release */,
			);
			defaultConfigurationIsVisible = 0;
			defaultConfigurationName = Release;
		};
		49B84D8F2BA9289A0015974C /* Build configuration list for PBXNativeTarget "PokedexUITests" */ = {
			isa = XCConfigurationList;
			buildConfigurations = (
				49B84D902BA9289A0015974C /* Debug */,
				49B84D912BA9289A0015974C /* Release */,
			);
			defaultConfigurationIsVisible = 0;
			defaultConfigurationName = Release;
		};
/* End XCConfigurationList section */

/* Begin XCRemoteSwiftPackageReference section */
		49B84DBC2BAB5C460015974C /* XCRemoteSwiftPackageReference "Kingfisher" */ = {
			isa = XCRemoteSwiftPackageReference;
			repositoryURL = "https://github.com/onevcat/Kingfisher.git";
			requirement = {
				kind = upToNextMajorVersion;
				minimumVersion = 7.0.0;
			};
		};
/* End XCRemoteSwiftPackageReference section */

/* Begin XCSwiftPackageProductDependency section */
		49B84DBD2BAB5C470015974C /* Kingfisher */ = {
			isa = XCSwiftPackageProductDependency;
			package = 49B84DBC2BAB5C460015974C /* XCRemoteSwiftPackageReference "Kingfisher" */;
			productName = Kingfisher;
		};
/* End XCSwiftPackageProductDependency section */
	};
	rootObject = 49B84D572BA928960015974C /* Project object */;
}
